
Microsoft Visual Studio Solution File, Format Version 12.00
# Visual Studio Version 17
VisualStudioVersion = 17.7.34202.233
MinimumVisualStudioVersion = 10.0.40219.1
Project("{11A8DD76-328B-46DF-9F39-F559912D0360}") = "CCSWE.nanoFramework.NeoPixel", "CCSWE.nanoFramework.NeoPixel\CCSWE.nanoFramework.NeoPixel.nfproj", "{C38D145B-4310-47DE-83DD-3925BC824532}"
EndProject
Project("{11A8DD76-328B-46DF-9F39-F559912D0360}") = "CCSWE.nanoFramework.NeoPixel.Benchmarks", "CCSWE.nanoFramework.NeoPixel.Benchmarks\CCSWE.nanoFramework.NeoPixel.Benchmarks.nfproj", "{9AD16DA6-28D2-40B8-BD43-A83EDDF7717F}"
EndProject
Project("{11A8DD76-328B-46DF-9F39-F559912D0360}") = "CCSWE.nanoFramework.NeoPixel.Samples", "CCSWE.nanoFramework.NeoPixel.Samples\CCSWE.nanoFramework.NeoPixel.Samples.nfproj", "{10024E76-EA0D-4D5E-8DFA-7E80FCFCDEF0}"
EndProject
Project("{11A8DD76-328B-46DF-9F39-F559912D0360}") = "CCSWE.nanoFramework.NeoPixel.UnitTests", "CCSWE.nanoFramework.NeoPixel.UnitTests\CCSWE.nanoFramework.NeoPixel.UnitTests.nfproj", "{C2615A62-E5E4-42A6-943E-81172DCFF082}"
EndProject
Project("{2150E333-8FDC-42A3-9474-1A3956D46DE8}") = "Solution Items", "Solution Items", "{C2D86E1A-CD88-4FBD-80C5-693FA20FA079}"
EndProject
Project("{2150E333-8FDC-42A3-9474-1A3956D46DE8}") = "Docs", "Docs", "{068201D7-F4DF-4082-A879-C6EF2E5AF319}"
	ProjectSection(SolutionItems) = preProject
		LICENSE.md = LICENSE.md
		README.md = README.md
	EndProjectSection
EndProject
Project("{2150E333-8FDC-42A3-9474-1A3956D46DE8}") = "GitHub", "GitHub", "{9354FC3A-FA2C-4ABD-AEBA-957195854466}"
	ProjectSection(SolutionItems) = preProject
		.github\workflows\build-solution.yml = .github\workflows\build-solution.yml
		.github\config.yml = .github\config.yml
		.github\workflows\update-dependencies.yml = .github\workflows\update-dependencies.yml
	EndProjectSection
EndProject
Project("{2150E333-8FDC-42A3-9474-1A3956D46DE8}") = "NuGet", "NuGet", "{5E3996DD-1F69-4AD6-9BC5-6D44CB3FA649}"
	ProjectSection(SolutionItems) = preProject
		CCSWE.nanoFramework.NeoPixel.nuspec = CCSWE.nanoFramework.NeoPixel.nuspec
		Directory.Build.props = Directory.Build.props
		nuget.config = nuget.config
		version.json = version.json
	EndProjectSection
EndProject
Global
	GlobalSection(SolutionConfigurationPlatforms) = preSolution
		Debug|Any CPU = Debug|Any CPU
		Release|Any CPU = Release|Any CPU
	EndGlobalSection
	GlobalSection(ProjectConfigurationPlatforms) = postSolution
		{C38D145B-4310-47DE-83DD-3925BC824532}.Debug|Any CPU.ActiveCfg = Debug|Any CPU
		{C38D145B-4310-47DE-83DD-3925BC824532}.Debug|Any CPU.Build.0 = Debug|Any CPU
		{C38D145B-4310-47DE-83DD-3925BC824532}.Debug|Any CPU.Deploy.0 = Debug|Any CPU
		{C38D145B-4310-47DE-83DD-3925BC824532}.Release|Any CPU.ActiveCfg = Release|Any CPU
		{C38D145B-4310-47DE-83DD-3925BC824532}.Release|Any CPU.Build.0 = Release|Any CPU
		{C38D145B-4310-47DE-83DD-3925BC824532}.Release|Any CPU.Deploy.0 = Release|Any CPU
		{9AD16DA6-28D2-40B8-BD43-A83EDDF7717F}.Debug|Any CPU.ActiveCfg = Debug|Any CPU
		{9AD16DA6-28D2-40B8-BD43-A83EDDF7717F}.Debug|Any CPU.Build.0 = Debug|Any CPU
		{9AD16DA6-28D2-40B8-BD43-A83EDDF7717F}.Debug|Any CPU.Deploy.0 = Debug|Any CPU
		{9AD16DA6-28D2-40B8-BD43-A83EDDF7717F}.Release|Any CPU.ActiveCfg = Release|Any CPU
		{9AD16DA6-28D2-40B8-BD43-A83EDDF7717F}.Release|Any CPU.Build.0 = Release|Any CPU
		{9AD16DA6-28D2-40B8-BD43-A83EDDF7717F}.Release|Any CPU.Deploy.0 = Release|Any CPU
		{10024E76-EA0D-4D5E-8DFA-7E80FCFCDEF0}.Debug|Any CPU.ActiveCfg = Debug|Any CPU
		{10024E76-EA0D-4D5E-8DFA-7E80FCFCDEF0}.Debug|Any CPU.Build.0 = Debug|Any CPU
		{10024E76-EA0D-4D5E-8DFA-7E80FCFCDEF0}.Debug|Any CPU.Deploy.0 = Debug|Any CPU
		{10024E76-EA0D-4D5E-8DFA-7E80FCFCDEF0}.Release|Any CPU.ActiveCfg = Release|Any CPU
		{10024E76-EA0D-4D5E-8DFA-7E80FCFCDEF0}.Release|Any CPU.Build.0 = Release|Any CPU
		{10024E76-EA0D-4D5E-8DFA-7E80FCFCDEF0}.Release|Any CPU.Deploy.0 = Release|Any CPU
		{C2615A62-E5E4-42A6-943E-81172DCFF082}.Debug|Any CPU.ActiveCfg = Debug|Any CPU
		{C2615A62-E5E4-42A6-943E-81172DCFF082}.Debug|Any CPU.Build.0 = Debug|Any CPU
		{C2615A62-E5E4-42A6-943E-81172DCFF082}.Debug|Any CPU.Deploy.0 = Debug|Any CPU
		{C2615A62-E5E4-42A6-943E-81172DCFF082}.Release|Any CPU.ActiveCfg = Release|Any CPU
		{C2615A62-E5E4-42A6-943E-81172DCFF082}.Release|Any CPU.Build.0 = Release|Any CPU
		{C2615A62-E5E4-42A6-943E-81172DCFF082}.Release|Any CPU.Deploy.0 = Release|Any CPU
	EndGlobalSection
	GlobalSection(SolutionProperties) = preSolution
		HideSolutionNode = FALSE
	EndGlobalSection
	GlobalSection(NestedProjects) = preSolution
		{068201D7-F4DF-4082-A879-C6EF2E5AF319} = {C2D86E1A-CD88-4FBD-80C5-693FA20FA079}
		{9354FC3A-FA2C-4ABD-AEBA-957195854466} = {C2D86E1A-CD88-4FBD-80C5-693FA20FA079}
		{5E3996DD-1F69-4AD6-9BC5-6D44CB3FA649} = {C2D86E1A-CD88-4FBD-80C5-693FA20FA079}
	EndGlobalSection
	GlobalSection(ExtensibilityGlobals) = postSolution
		SolutionGuid = {2658FCB3-232B-4454-86E6-685BB35455A6}
	EndGlobalSection
EndGlobal
