{
  "version": 1,
  "dependencies": {
    ".NETnanoFramework,Version=v1.0": {
      "nanoFramework.CoreLibrary": {
        "type": "Direct",
        "requested": "[1.14.20, 1.14.20]",
        "resolved": "1.14.20",
        "contentHash": "9yfmrvDmByKRwRegqS9vnO+g2Ho+tndTOIIyKlDtbnx6FPEtUVfltNtQ2hDJ7mQzsC/C9mtKukqI+vK++mbuUg=="
      },
      "nanoFramework.Graphics.Core": {
        "type": "Direct",
        "requested": "[1.1.37, 1.1.37]",
        "resolved": "1.1.37",
        "contentHash": "JSO5PU+CczzjqLZTTgdi/fx5BGtA8Z1m1RxpjxaYhLFPDPN1ATbDGwAdIUgxNeU77EAl1QRuni9lTA0OnfDrIQ=="
      }
    }
  }
}