{
  "version": 1,
  "dependencies": {
    ".NETnanoFramework,Version=v1.0": {
      "CCSWE.nanoFramework.Math": {
        "type": "Direct",
        "requested": "[0.1.25, 0.1.25]",
        "resolved": "0.1.25",
        "contentHash": "oM6FOjq9KI1Ibxy7RJoDOMORJYQY41fAdx7Ul9T/79hrPo8Uf5cQz+cHmbFSunQiE5c1eT4dt0OooI7vCJSULQ=="
      },
      "nanoFramework.CoreLibrary": {
        "type": "Direct",
        "requested": "[1.15.5, 1.15.5]",
        "resolved": "1.15.5",
        "contentHash": "u2+GvAp1uxLrGdILACAZy+EVKOs28EQ52j8Lz7599egXZ3GBGejjnR2ofhjMQwzrJLlgtyrsx8nSLngDfJNsAg=="
      },
      "nanoFramework.Graphics.Core": {
        "type": "Direct",
        "requested": "[1.2.10, 1.2.10]",
        "resolved": "1.2.10",
        "contentHash": "2eaJQauTEGdBDw6HfSeFT/82lAmD1qC9Ch5XZmouQHrBRIRa02I/U8dTA/k6Z1NhouNcyYK35BD++4uDodcq0w=="
      },
      "nanoFramework.Hardware.Esp32.Rmt": {
        "type": "Direct",
        "requested": "[2.0.10, 2.0.10]",
        "resolved": "2.0.10",
        "contentHash": "HRis64adM/jEp5/lh5r06KOq60okVFVPOE+t770umQ4rwKyDdJ0BiEVI87AJr3d//+BbJ+Fs/r55aooWTXDFpw=="
      },
      "nanoFramework.Runtime.Events": {
        "type": "Direct",
        "requested": "[1.11.18, 1.11.18]",
        "resolved": "1.11.18",
        "contentHash": "t0XpUkdyBBBv/0S4oGx3yUJG1iPYWc38odvZW8mVoioSxZOJrRkRHpNfwYxTxtP4LIEyyesOPEH42d05FHfHzA=="
      },
      "nanoFramework.System.Math": {
        "type": "Direct",
        "requested": "[1.5.43, 1.5.43]",
        "resolved": "1.5.43",
        "contentHash": "JEOEGHoIpknJFwPjjz77sT5mej2PiT7JTv59jabzFf+d8XYy8Z4SH+NdX00Xc/yDS8LIPuWb7+C245XGUUx99A=="
      },
      "Nerdbank.GitVersioning": {
        "type": "Direct",
        "requested": "[3.6.133, 3.6.133]",
        "resolved": "3.6.133",
        "contentHash": "VZWMd5YAeDxpjWjAP/X6bAxnRMiEf6tES/ITN0X5CHJgkWLLeHGmEALivmTAfYM6P+P/3Szy6VCITUAkqjcHVw=="
      }
    }
  }
}