{
  "version": 1,
  "dependencies": {
    ".NETnanoFramework,Version=v1.0": {
      "nanoFramework.Benchmark": {
        "type": "Direct",
        "requested": "[1.0.56, 1.0.56]",
        "resolved": "1.0.56",
        "contentHash": "9ZG/nFAi9ZPjjfy3iMGlDI/MUH6rPBxKyTI1XRLLFdBQvOfB3XPxnIEhItetUf69Ogh7E9idAlxa0yapp5vYuA=="
      },
      "nanoFramework.CoreLibrary": {
        "type": "Direct",
        "requested": "[1.14.2, 1.14.2]",
        "resolved": "1.14.2",
        "contentHash": "j1mrz4mitl5LItvmHMsw1aHzCAfvTTgIkRxA0mhs5mSpctJ/BBcuNwua5j3MspfRNKreCQPy/qZy/D9ADLL/PA=="
      },
      "nanoFramework.Graphics.Core": {
        "type": "Direct",
        "requested": "[1.1.37, 1.1.37]",
        "resolved": "1.1.37",
        "contentHash": "JSO5PU+CczzjqLZTTgdi/fx5BGtA8Z1m1RxpjxaYhLFPDPN1ATbDGwAdIUgxNeU77EAl1QRuni9lTA0OnfDrIQ=="
      },
      "nanoFramework.Hardware.Esp32.Rmt": {
        "type": "Direct",
        "requested": "[2.0.1, 2.0.1]",
        "resolved": "2.0.1",
        "contentHash": "h3xaxgk1vIeWxFYxRa+6bvYmg5TlNuCS9GwYzbVba0T0mq2nYWUNqTUoWtLEGReZY17vmULzu5AXQzGz+q7tZQ=="
      },
      "nanoFramework.Iot.Device.Ws28xx.Esp32": {
        "type": "Direct",
        "requested": "[1.2.329, 1.2.329]",
        "resolved": "1.2.329",
        "contentHash": "raKeIqC/2svKcPUYG6XDTGS/DsoCq1xftBSyffE5iHcg6G6NtCBUfqQ8Pn3ywUNy7VZyY2W9S+D6JlpdU06EoA=="
      },
      "nanoFramework.Logging": {
        "type": "Direct",
        "requested": "[1.1.63, 1.1.63]",
        "resolved": "1.1.63",
        "contentHash": "gutjQRIKKJc91qKzkGtpA8uvTpNUK1r2OuEy7C8W+dEICkFgR+z1itcG7gKv9I12oiHyurc/3mMgDyz8CsPD3A=="
      },
      "nanoFramework.Runtime.Events": {
        "type": "Direct",
        "requested": "[1.11.6, 1.11.6]",
        "resolved": "1.11.6",
        "contentHash": "xkltRh/2xKaZ9zmPHbVr32s1k+e17AInUBhzxKKkUDicJKF39yzTShSklb1OL6DBER5z71SpkGLyl9IdMK9l6w=="
      },
      "nanoFramework.Runtime.Native": {
        "type": "Direct",
        "requested": "[1.6.6, 1.6.6]",
        "resolved": "1.6.6",
        "contentHash": "ySEYUh8bTiFYAUce3uQLfOvvnunTx10j7Xsw+ChlS+nXFC/kCctgTob7k1McZrxqTs0CZo+Ux5eW4oYKzx25aw=="
      },
      "nanoFramework.System.Collections": {
        "type": "Direct",
        "requested": "[1.5.18, 1.5.18]",
        "resolved": "1.5.18",
        "contentHash": "F8FzaUC5D2xd6eQja33EYcknOFqWT+YEcnEn849ILJTGSedVFylUREEuoGULbCrnuuLx417hDzWny+B78Qi67g=="
      },
      "nanoFramework.System.Diagnostics.Stopwatch": {
        "type": "Direct",
        "requested": "[1.2.415, 1.2.415]",
        "resolved": "1.2.415",
        "contentHash": "SGJy1qq0zRVYkDmbz9NGhONg3JBu85hXnQnBRYLgq+klYyxzPtYOYssfg77dMSYOkj4u0d6R0ZVAd3fm/K39QQ=="
      },
      "nanoFramework.System.Text": {
        "type": "Direct",
        "requested": "[1.2.37, 1.2.37]",
        "resolved": "1.2.37",
        "contentHash": "ORgRq0HSynSBhlXRTHdhzZiOdq/nRhdnX+DeIGw56y9OSc8dvqUz6elm97Jz+4WQ6ikpvs5PFGINAa35kBebwQ=="
      }
    }
  }
}